
Microsoft Visual Studio Solution File, Format Version 12.00
# Visual Studio Version 17
VisualStudioVersion = 17.5.002.0
MinimumVisualStudioVersion = 10.0.40219.1
Project("{9A19103F-16F7-4668-BE54-9A1E7A4F7556}") = "learningapp", "learningapp.csproj", "{218DB2A8-A7DC-49CA-8564-FAB3B6AC8F99}"
EndProject
Global
	GlobalSection(SolutionConfigurationPlatforms) = preSolution
		Debug|Any CPU = Debug|Any CPU
		Release|Any CPU = Release|Any CPU
	EndGlobalSection
	GlobalSection(ProjectConfigurationPlatforms) = postSolution
		{218DB2A8-A7DC-49CA-8564-FAB3B6AC8F99}.Debug|Any CPU.ActiveCfg = Debug|Any CPU
		{218DB2A8-A7DC-49CA-8564-FAB3B6AC8F99}.Debug|Any CPU.Build.0 = Debug|Any CPU
		{218DB2A8-A7DC-49CA-8564-FAB3B6AC8F99}.Release|Any CPU.ActiveCfg = Release|Any CPU
		{218DB2A8-A7DC-49CA-8564-FAB3B6AC8F99}.Release|Any CPU.Build.0 = Release|Any CPU
	EndGlobalSection
	GlobalSection(SolutionProperties) = preSolution
		HideSolutionNode = FALSE
	EndGlobalSection
	GlobalSection(ExtensibilityGlobals) = postSolution
		SolutionGuid = {9D2B64B8-2974-4D6A-9DDA-56C9C6268EE8}
	EndGlobalSection
EndGlobal
